hash: 9f5b2c8ebc4982d594cc99de2957653fff176eeec0871265f8d48eb2d8e238c8
updated: 2017-07-18T17:24:18.448548546-07:00
imports:
- name: github.com/gorilla/context
  version: 1c83b3eabd45b6d76072b66b746c20815fb2872d
- name: github.com/gorilla/mux
  version: 9c068cf16d982f8bd444b8c352acbeec34c4fe5b
- name: github.com/robfig/cron
  version: 32d9c273155a0506d27cf73dd1246e86a470997e
- name: github.com/segmentio/go-env
  version: ea0600a7760cd15ccca9057be4a87d68e95ee876
- name: github.com/stretchr/testify
  version: f5520455607c0233cb6d7b056f71b22c1d265ef1
  subpackages:
  - assert
- name: gopkg.in/mgo.v2
  version: e30de8ac9ae3b30df7065f766c71f88bba7d4e49
  subpackages:
  - bson
  - internal/sasl
  - internal/scram
testImports: []
