# This file is autogenerated, do not edit; changes may be undone by the next 'dep ensure'.


[[projects]]
  name = "github.com/gorilla/context"
  packages = ["."]
  revision = "1c83b3eabd45b6d76072b66b746c20815fb2872d"

[[projects]]
  name = "github.com/gorilla/mux"
  packages = ["."]
  revision = "9c068cf16d982f8bd444b8c352acbeec34c4fe5b"

[[projects]]
  name = "github.com/robfig/cron"
  packages = ["."]
  revision = "32d9c273155a0506d27cf73dd1246e86a470997e"

[[projects]]
  branch = "master"
  name = "github.com/segmentio/go-env"
  packages = ["."]
  revision = "ea0600a7760cd15ccca9057be4a87d68e95ee876"

[[projects]]
  name = "github.com/stretchr/testify"
  packages = ["assert"]
  revision = "f5520455607c0233cb6d7b056f71b22c1d265ef1"

[[projects]]
  branch = "master"
  name = "github.com/xeipuuv/gojsonpointer"
  packages = ["."]
  revision = "4e3ac2762d5f479393488629ee9370b50873b3a6"

[[projects]]
  branch = "master"
  name = "github.com/xeipuuv/gojsonreference"
  packages = ["."]
  revision = "bd5ef7bd5415a7ac448318e64f11a24cd21e594b"

[[projects]]
  name = "github.com/xeipuuv/gojsonschema"
  packages = ["."]
  revision = "f971f3cd73b2899de6923801c147f075263e0c50"
  version = "v1.1.0"

[[projects]]
  name = "gopkg.in/Clever/kayvee-go.v6"
  packages = [
    ".",
    "logger",
    "router"
  ]
  revision = "c8c3a96b8862f1b962ba9febf5afd2a1c3789fe0"
  version = "v6.15.0"

[[projects]]
  name = "gopkg.in/mgo.v2"
  packages = [
    ".",
    "bson",
    "internal/sasl",
    "internal/scram"
  ]
  revision = "e30de8ac9ae3b30df7065f766c71f88bba7d4e49"

[[projects]]
  name = "gopkg.in/yaml.v2"
  packages = ["."]
  revision = "51d6538a90f86fe93ac480b35f37b2be17fef232"
  version = "v2.2.2"

[solve-meta]
  analyzer-name = "dep"
  analyzer-version = 1
  inputs-digest = "0fd762c723bd3d9c39563ab12d9d892f5f5b67571f3b2fdd39a6474ab449fc40"
  solver-name = "gps-cdcl"
  solver-version = 1
